
Microsoft Visual Studio Solution File, Format Version 12.00
# Visual Studio Version 16
VisualStudioVersion = 16.0.32002.261
MinimumVisualStudioVersion = 10.0.40219.1
Project("{FAE04EC0-301F-11D3-BF4B-00C04F79EFBC}") = "№1.6", "№1.6.csproj", "{6FB80837-8155-455F-9572-853F051C7F82}"
EndProject
Global
	GlobalSection(SolutionConfigurationPlatforms) = preSolution
		Debug|Any CPU = Debug|Any CPU
		Release|Any CPU = Release|Any CPU
	EndGlobalSection
	GlobalSection(ProjectConfigurationPlatforms) = postSolution
		{6FB80837-8155-455F-9572-853F051C7F82}.Debug|Any CPU.ActiveCfg = Debug|Any CPU
		{6FB80837-8155-455F-9572-853F051C7F82}.Debug|Any CPU.Build.0 = Debug|Any CPU
		{6FB80837-8155-455F-9572-853F051C7F82}.Release|Any CPU.ActiveCfg = Release|Any CPU
		{6FB80837-8155-455F-9572-853F051C7F82}.Release|Any CPU.Build.0 = Release|Any CPU
	EndGlobalSection
	GlobalSection(SolutionProperties) = preSolution
		HideSolutionNode = FALSE
	EndGlobalSection
	GlobalSection(ExtensibilityGlobals) = postSolution
		SolutionGuid = {D0462067-3FEC-44A2-BF54-339DA39EAC28}
	EndGlobalSection
EndGlobal
